
Microsoft Visual Studio Solution File, Format Version 12.00
# Visual Studio Version 17
VisualStudioVersion = 17.5.33530.505
MinimumVisualStudioVersion = 10.0.40219.1
Project("{FAE04EC0-301F-11D3-BF4B-00C04F79EFBC}") = "LAB02_ED1_DMRA", "LAB02_ED1_DMRA\LAB02_ED1_DMRA.csproj", "{B3F0C30E-7030-4291-A76F-106F53B5C30F}"
EndProject
Global
	GlobalSection(SolutionConfigurationPlatforms) = preSolution
		Debug|Any CPU = Debug|Any CPU
		Release|Any CPU = Release|Any CPU
	EndGlobalSection
	GlobalSection(ProjectConfigurationPlatforms) = postSolution
		{B3F0C30E-7030-4291-A76F-106F53B5C30F}.Debug|Any CPU.ActiveCfg = Debug|Any CPU
		{B3F0C30E-7030-4291-A76F-106F53B5C30F}.Debug|Any CPU.Build.0 = Debug|Any CPU
		{B3F0C30E-7030-4291-A76F-106F53B5C30F}.Release|Any CPU.ActiveCfg = Release|Any CPU
		{B3F0C30E-7030-4291-A76F-106F53B5C30F}.Release|Any CPU.Build.0 = Release|Any CPU
	EndGlobalSection
	GlobalSection(SolutionProperties) = preSolution
		HideSolutionNode = FALSE
	EndGlobalSection
	GlobalSection(ExtensibilityGlobals) = postSolution
		SolutionGuid = {808F1723-05DA-4754-B915-4D806889BD20}
	EndGlobalSection
EndGlobal
